
Microsoft Visual Studio Solution File, Format Version 12.00
# Visual Studio Version 16
VisualStudioVersion = 16.0.31729.503
MinimumVisualStudioVersion = 10.0.40219.1
Project("{FAE04EC0-301F-11D3-BF4B-00C04F79EFBC}") = "MoodAnalyzerwithCore", "MoodAnalyzerwithCore\MoodAnalyzerwithCore.csproj", "{0255A7B3-FFB6-4281-95BA-E2BDF2813B29}"
EndProject
Project("{FAE04EC0-301F-11D3-BF4B-00C04F79EFBC}") = "MoodAnalyzerMsTestwithCore", "MoodAnalyzerMsTestwithCore\MoodAnalyzerMsTestwithCore.csproj", "{90EF5354-E271-4969-B520-E60834D45CB0}"
EndProject
Global
	GlobalSection(SolutionConfigurationPlatforms) = preSolution
		Debug|Any CPU = Debug|Any CPU
		Release|Any CPU = Release|Any CPU
	EndGlobalSection
	GlobalSection(ProjectConfigurationPlatforms) = postSolution
		{0255A7B3-FFB6-4281-95BA-E2BDF2813B29}.Debug|Any CPU.ActiveCfg = Debug|Any CPU
		{0255A7B3-FFB6-4281-95BA-E2BDF2813B29}.Debug|Any CPU.Build.0 = Debug|Any CPU
		{0255A7B3-FFB6-4281-95BA-E2BDF2813B29}.Release|Any CPU.ActiveCfg = Release|Any CPU
		{0255A7B3-FFB6-4281-95BA-E2BDF2813B29}.Release|Any CPU.Build.0 = Release|Any CPU
		{90EF5354-E271-4969-B520-E60834D45CB0}.Debug|Any CPU.ActiveCfg = Debug|Any CPU
		{90EF5354-E271-4969-B520-E60834D45CB0}.Debug|Any CPU.Build.0 = Debug|Any CPU
		{90EF5354-E271-4969-B520-E60834D45CB0}.Release|Any CPU.ActiveCfg = Release|Any CPU
		{90EF5354-E271-4969-B520-E60834D45CB0}.Release|Any CPU.Build.0 = Release|Any CPU
	EndGlobalSection
	GlobalSection(SolutionProperties) = preSolution
		HideSolutionNode = FALSE
	EndGlobalSection
	GlobalSection(ExtensibilityGlobals) = postSolution
		SolutionGuid = {255B7A9D-F325-42AF-8974-2F4AB07D6203}
	EndGlobalSection
EndGlobal
